
Microsoft Visual Studio Solution File, Format Version 12.00
# Visual Studio 15
VisualStudioVersion = 15.0.28010.2046
MinimumVisualStudioVersion = 10.0.40219.1
Project("{FAE04EC0-301F-11D3-BF4B-00C04F79EFBC}") = "CoundownFormulas", "CoundownFormulas\CoundownFormulas.csproj", "{0DD2E9F9-BCB8-431D-A395-4FC8D8358581}"
EndProject
Global
	GlobalSection(SolutionConfigurationPlatforms) = preSolution
		Debug|Any CPU = Debug|Any CPU
		Release|Any CPU = Release|Any CPU
	EndGlobalSection
	GlobalSection(ProjectConfigurationPlatforms) = postSolution
		{0DD2E9F9-BCB8-431D-A395-4FC8D8358581}.Debug|Any CPU.ActiveCfg = Debug|Any CPU
		{0DD2E9F9-BCB8-431D-A395-4FC8D8358581}.Debug|Any CPU.Build.0 = Debug|Any CPU
		{0DD2E9F9-BCB8-431D-A395-4FC8D8358581}.Release|Any CPU.ActiveCfg = Release|Any CPU
		{0DD2E9F9-BCB8-431D-A395-4FC8D8358581}.Release|Any CPU.Build.0 = Release|Any CPU
	EndGlobalSection
	GlobalSection(SolutionProperties) = preSolution
		HideSolutionNode = FALSE
	EndGlobalSection
	GlobalSection(ExtensibilityGlobals) = postSolution
		SolutionGuid = {AC007AAD-4638-4433-B66F-F40615D990C2}
	EndGlobalSection
EndGlobal
